version = 1
revision = 3
requires-python = ">=3.12"
resolution-markers = [
    "python_full_version >= '3.15' and sys_platform == 'win32'",
    "python_full_version >= '3.15' and sys_platform == 'emscripten'",
    "python_full_version >= '3.15' and sys_platform != 'emscripten' and sys_platform != 'win32'",
    "python_full_version == '3.14.*' and sys_platform == 'win32'",
    "python_full_version == '3.14.*' and sys_platform == 'emscripten'",
    "python_full_version == '3.14.*' and sys_platform != 'emscripten' and sys_platform != 'win32'",
    "python_full_version == '3.13.*' and sys_platform == 'win32'",
    "python_full_version == '3.13.*' and sys_platform == 'emscripten'",
    "python_full_version == '3.13.*' and sys_platform != 'emscripten' and sys_platform != 'win32'",
    "python_full_version < '3.13' and sys_platform == 'win32'",
    "python_full_version < '3.13' and sys_platform == 'emscripten'",
    "python_full_version < '3.13' and sys_platform != 'emscripten' and sys_platform != 'win32'",
]

[[package]]
name = "annotated-doc"
version = "0.0.5"
source = { registry = "https://pypi.org/simple" }
sdist = { url = "https://files.pythonhosted.org/packages/5a/8e/38aa427ed5402449e226975b649c5dc73ccadfefeb95e6aecb8f8ea4b6b6/annotated_doc-0.0.5.tar.gz", hash = "sha256:c7e58ce09192557605d8bbd92836d7e1d520ac9580096042c0bfd197efacf1bb", size = 10758, upload-time = "2026-07-28T13:50:58.129Z" }
wheels = [
    { url = "https://files.pythonhosted.org/packages/3e/30/e900b21425a860e195f32e37657aa1f7c7f2b1bfb26f03ca209b90933c06/annotated_doc-0.0.5-py3-none-any.whl", hash = "sha256:117bac03a25ede5df5440e855b32d556049ca169ead221505badf432fed4b101", size = 5302, upload-time = "2026-07-28T13:50:57.239Z" },
]

[[package]]
name = "annotated-types"
version = "0.8.0"
source = { registry = "https://pypi.org/simple" }
sdist = { url = "https://files.pythonhosted.org/packages/5f/56/a8120250d128bed162cd73c76d45f6ef9991f3e068f62a8ee060afa3104a/annotated_types-0.8.0.tar.gz", hash = "sha256:13b2beaad985e05e2d6407ee4c4f35590b11f8d693a258a561055cac8f64cab7", size = 15893, upload-time = "2026-07-23T20:16:13.995Z" }
wheels = [
    { url = "https://files.pythonhosted.org/packages/99/91/8acff4f5e50511b911bbccb72b8628a49c68ce14148cd9f6431094859a90/annotated_types-0.8.0-py3-none-any.whl", hash = "sha256:f072f4d804ea359e4eaf198b1af7a8b0943881a87f31bb764f8bf219bb9419e0", size = 13427, upload-time = "2026-07-23T20:16:12.938Z" },
]

[[package]]
name = "anyio"
version = "4.14.2"
source = { registry = "https://pypi.org/simple" }
dependencies = [
    { name = "idna" },
    { name = "typing-extensions", marker = "python_full_version < '3.13'" },
]
sdist = { url = "https://files.pythonhosted.org/packages/61/cc/a381afa6efea9f496eff839d4a6a1aed3bfafc7b3ab4b0d1b243a12573dd/anyio-4.14.2.tar.gz", hash = "sha256:cfa139f3ed1a23ee8f88a145ddb5ac7605b8bbfd8592baacd7ce3d8bb4313c7f", size = 260176, upload-time = "2026-07-12T20:29:07.082Z" }
wheels = [
    { url = "https://files.pythonhosted.org/packages/da/35/f2287558c17e29fafc8ef3daf819bb9834061cfa43bff8014f7df7f63bdc/anyio-4.14.2-py3-none-any.whl", hash = "sha256:9f505dda5ac9f0c8309b5e8bd445a8c2bf7246f3ce950121e45ea15bc41d1494", size = 125813, upload-time = "2026-07-12T20:29:05.763Z" },
]

[[package]]
name = "babel"
version = "2.18.0"
source = { registry = "https://pypi.org/simple" }
sdist = { url = "https://files.pythonhosted.org/packages/7d/b2/51899539b6ceeeb420d40ed3cd4b7a40519404f9baf3d4ac99dc413a834b/babel-2.18.0.tar.gz", hash = "sha256:b80b99a14bd085fcacfa15c9165f651fbb3406e66cc603abf11c5750937c992d", size = 9959554, upload-time = "2026-02-01T12:30:56.078Z" }
wheels = [
    { url = "https://files.pythonhosted.org/packages/77/f5/21d2de20e8b8b0408f0681956ca2c69f1320a3848ac50e6e7f39c6159675/babel-2.18.0-py3-none-any.whl", hash = "sha256:e2b422b277c2b9a9630c1d7903c2a00d0830c409c59ac8cae9081c92f1aeba35", size = 10196845, upload-time = "2026-02-01T12:30:53.445Z" },
]

[[package]]
name = "backrefs"
version = "8.0"
source = { registry = "https://pypi.org/simple" }
sdist = { url = "https://files.pythonhosted.org/packages/ec/56/4744bcd0c82184e80c52b0ac4076c261a8ffa1f1b343ff2f6e89ce0e1cef/backrefs-8.0.tar.gz", hash = "sha256:b556cd7d36c3a3a2f256b89590b176b8eddfb73bcfaee3a3ddd84ea66d21ce50", size = 7013081, upload-time = "2026-07-26T19:54:24.638Z" }
wheels = [
    { url = "https://files.pythonhosted.org/packages/e3/fd/9bf53b6a6f6f519ffaac765df2f2a25e5c2fc6d32cfd2b2747099e72c911/backrefs-8.0-py310-none-any.whl", hash = "sha256:4a627b817fd2dce43b79ab48da63613340509381cd8ce0897078a0bce79a2ab8", size = 380377, upload-time = "2026-07-26T19:54:17.457Z" },
    { url = "https://files.pythonhosted.org/packages/e1/29/4bd7ae72a2634da00379c2b3bcc5439e7c94620235c6afea8af15229a973/backrefs-8.0-py311-none-any.whl", hash = "sha256:f0c35cf0102ba6b6070c12a492be3c1c1d3f5839529784b9a9565d6d04569a01", size = 392169, upload-time = "2026-07-26T19:54:18.782Z" },
    { url = "https://files.pythonhosted.org/packages/29/13/232505664e8e2a0c7a2eb0c505cfade9d715538f89a5d62bc4c272968f62/backrefs-8.0-py312-none-any.whl", hash = "sha256:87f0fae8c5f207fe9f4b2887efc71d42f4900ac78faa1af08d675ef303692dc5", size = 398084, upload-time = "2026-07-26T19:54:19.954Z" },
    { url = "https://files.pythonhosted.org/packages/8a/69/47a3dc20abc4fa5486655fde681bd55e63211b46c886d8c02223d6468431/backrefs-8.0-py313-none-any.whl", hash = "sha256:601ce68ca12385dbda06ce264406b4c4210cf5b79fd0fd627592365c92f29a88", size = 400040, upload-time = "2026-07-26T19:54:21.194Z" },
    { url = "https://files.pythonhosted.org/packages/1c/cf/e5f9b68a5b0e939a2fb933a66c20180d0c9241bf8927f7a47fa48c1675e9/backrefs-8.0-py314-none-any.whl", hash = "sha256:9ec96efa080938be92323e8e730e57718c9c88eb15ad70bbef4e1766df591408", size = 411903, upload-time = "2026-07-26T19:54:23.221Z" },
]

[[package]]
name = "certifi"
version = "2026.7.22"
source = { registry = "https://pypi.org/simple" }
sdist = { url = "https://files.pythonhosted.org/packages/a3/c2/24167ea9858356b47a87a50d39908bfdb72ceeefe0041586e704e5376b3a/certifi-2026.7.22.tar.gz", hash = "sha256:741e2c3b351ddf169a738da9f2c048608ff7f2c5cc02f1ebc6b118bb090d5d55", size = 138112, upload-time = "2026-07-22T03:35:12.644Z" }
wheels = [
    { url = "https://files.pythonhosted.org/packages/0b/a7/71ac2cff56fec219ed242bb11b8efb69fcc4bec75db06fb7bfe35de520e6/certifi-2026.7.22-py3-none-any.whl", hash = "sha256:62f22742b58a1a33014a2b6b706588a8d7e2a88ae7bd1a6ebe8c992928483775", size = 136983, upload-time = "2026-07-22T03:35:11.276Z" },
]

[[package]]
name = "cfgv"
version = "3.5.0"
source = { registry = "https://pypi.org/simple" }
sdist = { url = "https://files.pythonhosted.org/packages/4e/b5/721b8799b04bf9afe054a3899c6cf4e880fcf8563cc71c15610242490a0c/cfgv-3.5.0.tar.gz", hash = "sha256:d5b1034354820651caa73ede66a6294d6e95c1b00acc5e9b098e917404669132", size = 7334, upload-time = "2025-11-19T20:55:51.612Z" }
wheels = [
    { url = "https://files.pythonhosted.org/packages/db/3c/33bac158f8ab7f89b2e59426d5fe2e4f63f7ed25df84c036890172b412b5/cfgv-3.5.0-py2.py3-none-any.whl", hash = "sha256:a8dc6b26ad22ff227d2634a65cb388215ce6cc96bbcc5cfde7641ae87e8dacc0", size = 7445, upload-time = "2025-11-19T20:55:50.744Z" },
]

[[package]]
name = "charset-normalizer"
version = "3.4.9"
source = { registry = "https://pypi.org/simple" }
sdist = { url = "https://files.pythonhosted.org/packages/bd/2a/23f34ec9d04624958e137efdc394888716353190e75f25dd22c7a2c7a8aa/charset_normalizer-3.4.9.tar.gz", hash = "sha256:673611bbd43f0810bec0b0f028ddeaaa501190339cac411f347ac76917c3ae7b", size = 152439, upload-time = "2026-07-07T14:34:58.454Z" }
wheels = [
    { url = "https://files.pythonhosted.org/packages/70/4a/ecbd131485c07fcdfad54e28946d513e3da22ef3b4bd854dcafae54ec739/charset_normalizer-3.4.9-cp312-cp312-macosx_10_13_universal2.whl", hash = "sha256:45b0cc4e3556cd875e09102988d1ab8356c998b596c9fced84547c8138b487a0", size = 319300, upload-time = "2026-07-07T14:33:15.666Z" },
    { url = "https://files.pythonhosted.org/packages/ec/96/5d9364e3342d69f3a045e1777bc47c85c383e6e9466d561b33fdb419d1f9/charset_normalizer-3.4.9-cp312-cp312-manylinux2014_aarch64.manylinux_2_17_aarch64.manylinux_2_28_aarch64.whl", hash = "sha256:9b2aff1c7b3884512b9512c3eaadd9bab39fb45042ffaaa1dd08ff2b9f8109d9", size = 215802, upload-time = "2026-07-07T14:33:17.031Z" },
    { url = "https://files.pythonhosted.org/packages/4b/4c/5361f9aa7f2cb58d94f2ab831b3d493f69efb1d239654b4744e3c09527cb/charset_normalizer-3.4.9-cp312-cp312-manylinux2014_ppc64le.manylinux_2_17_ppc64le.manylinux_2_28_ppc64le.whl", hash = "sha256:9104ed0bd76a429d46f9ec0dbc9b08ad1d2dcdf2b00a5a0daa1c145329b35b44", size = 237171, upload-time = "2026-07-07T14:33:18.576Z" },
    { url = "https://files.pythonhosted.org/packages/50/78/ce342ca4ff30b2eb49fe6d9578df85974f90c67d294113e94efdd9664cbd/charset_normalizer-3.4.9-cp312-cp312-manylinux2014_s390x.manylinux_2_17_s390x.manylinux_2_28_s390x.whl", hash = "sha256:7b86a2b16095d250c6f58b3d9b2eee6f4147754344f3dab0922f7c9bf7d226c9", size = 233075, upload-time = "2026-07-07T14:33:20.084Z" },
    { url = "https://files.pythonhosted.org/packages/01/c4/4fa4c8b3097a11f3c5f09a35b72ed6855fb1d332469504962ab7bafcc702/charset_normalizer-3.4.9-cp312-cp312-manylinux2014_x86_64.manylinux_2_17_x86_64.manylinux_2_28_x86_64.whl", hash = "sha256:5e226f6218febc71f6c1fc2fafb91c226f75bdc1d8fb12d66823716e891608fd", size = 224256, upload-time = "2026-07-07T14:33:21.747Z" },
    { url = "https://files.pythonhosted.org/packages/87/3a/ad914516df7e358a81aae018caa5e0470ba827fa6d763b1d2e87d920a5f6/charset_normalizer-3.4.9-cp312-cp312-manylinux_2_31_armv7l.whl", hash = "sha256:90c44bc373b7687f6948b693cceaea1348ae0975d7474746559494468e3c1d84", size = 208784, upload-time = "2026-07-07T14:33:23.313Z" },
    { url = "https://files.pythonhosted.org/packages/d7/74/3c12f9755717dfe5c5c87da63f35d765fa0c00382ec26bf23f7fae34f2ba/charset_normalizer-3.4.9-cp312-cp312-manylinux_2_31_riscv64.manylinux_2_39_riscv64.whl", hash = "sha256:9cdef90ae47919cae358d8ab15797a800ed41da7aba5d72419fb510729e2ed4b", size = 219928, upload-time = "2026-07-07T14:33:24.814Z" },
    { url = "https://files.pythonhosted.org/packages/33/9a/895095b83e7907abd6d3d99aad3a38ad0d9686cc186cb0c94c24320fe63e/charset_normalizer-3.4.9-cp312-cp312-musllinux_1_2_aarch64.whl", hash = "sha256:60f44ade2cf573dad7a277e6f8ca9a51a21dda572b13bd7d8539bb3cd5dbedde", size = 218489, upload-time = "2026-07-07T14:33:26.42Z" },
    { url = "https://files.pythonhosted.org/packages/a1/34/ef5c05f412f42520d7709b7d3784d19640839eb7366ded1755511585429f/charset_normalizer-3.4.9-cp312-cp312-musllinux_1_2_armv7l.whl", hash = "sha256:a1786910334ed46ab1dd73222f2cd1e05c2c3bb39f6dddb4f8b36fc382058a39", size = 210267, upload-time = "2026-07-07T14:33:27.952Z" },
    { url = "https://files.pythonhosted.org/packages/83/dc/9b29fa4412b318bf3bfea985c35d67eb55e04b59a7c3f2237168b0e0be6f/charset_normalizer-3.4.9-cp312-cp312-musllinux_1_2_x86_64.whl", hash = "sha256:03d07803992c6c7bbc976327f34b18b6160327fc81cb82c9d504720ac0be3b62", size = 226030, upload-time = "2026-07-07T14:33:29.397Z" },
    { url = "https://files.pythonhosted.org/packages/0e/42/6dbc00b8cd16011691203e33570fa42ed5746599a2e878112d16eab403a3/charset_normalizer-3.4.9-cp312-cp312-win32.whl", hash = "sha256:78841cccf1af7b40f6f716338d50c0902dbe88d9f800b3c973b7a9a0a693a642", size = 151185, upload-time = "2026-07-07T14:33:30.781Z" },
    { url = "https://files.pythonhosted.org/packages/80/cc/f920afd1a23c58ccd53c1d36085a71893a4737ff5e66e0371efab6809850/charset_normalizer-3.4.9-cp312-cp312-win_amd64.whl", hash = "sha256:4b3dac63058cc36820b0dd072f89898604e2d39686fe05321729d00d8ac185a0", size = 162557, upload-time = "2026-07-07T14:33:32.176Z" },
    { url = "https://files.pythonhosted.org/packages/f0/e6/0386d43a261ff4e4b30c5857af7df877254b46bec7b9d1b74b6bf969a90b/charset_normalizer-3.4.9-cp312-cp312-win_arm64.whl", hash = "sha256:78fa18e436a1a0e58dbd7e02fc4473f3f32cceb12df9dfca542d075961c307d2", size = 152665, upload-time = "2026-07-07T14:33:33.711Z" },
    { url = "https://files.pythonhosted.org/packages/b2/06/97ec2aeae780b31d742b6352218b43841a6871e2564578ca522dce4a45c3/charset_normalizer-3.4.9-cp313-cp313-macosx_10_13_universal2.whl", hash = "sha256:440eede837960000d74978f0eba527be106b5b9aee0daf779d395276ed0b0614", size = 317688, upload-time = "2026-07-07T14:33:35.408Z" },
    { url = "https://files.pythonhosted.org/packages/d0/39/8ff066c672434225f8d25f8b739f992af250944392173dcc88362681c9bf/charset_normalizer-3.4.9-cp313-cp313-manylinux2014_aarch64.manylinux_2_17_aarch64.manylinux_2_28_aarch64.whl", hash = "sha256:21e764fd1e70b6a3e205a0e46f3051701f98a8cb3fad66eeb80e48bb502f8698", size = 214982, upload-time = "2026-07-07T14:33:36.996Z" },
    { url = "https://files.pythonhosted.org/packages/92/8f/3a47a3667c83c2df9483d91644c6c107de3bf8874aa1793da9d3012eb986/charset_normalizer-3.4.9-cp313-cp313-manylinux2014_ppc64le.manylinux_2_17_ppc64le.manylinux_2_28_ppc64le.whl", hash = "sha256:e4fd89cc178bced6ad29cb3e6dd4aa63fa5017c3524dbd0b25998fb64a87cc8b", size = 236460, upload-time = "2026-07-07T14:33:38.536Z" },
    { url = "https://files.pythonhosted.org/packages/f1/60/b22cdbee7e4013dab8b0d7647fc6181120fbbbc8f7025c226d15bd5a47fc/charset_normalizer-3.4.9-cp313-cp313-manylinux2014_s390x.manylinux_2_17_s390x.manylinux_2_28_s390x.whl", hash = "sha256:bd47ba7fc3ca94896759ea0109775132d3e7ab921fbf54038e1bab2e46c313c9", size = 232003, upload-time = "2026-07-07T14:33:40.059Z" },
    { url = "https://files.pythonhosted.org/packages/ea/f8/72eb13dcabe7257035cea8aefd922caad2f110d252bf9f67c4c2ca763aee/charset_normalizer-3.4.9-cp313-cp313-manylinux2014_x86_64.manylinux_2_17_x86_64.manylinux_2_28_x86_64.whl", hash = "sha256:84fd18bcc17526fc2b3c1af7d2b9217d32c9c04448c16ec693b9b4f1985c3d33", size = 223149, upload-time = "2026-07-07T14:33:41.631Z" },
    { url = "https://files.pythonhosted.org/packages/b0/3e/faee8f9de92b14ee1198e9163252bb15efee7301b31256a3b6d9ebfdd0dd/charset_normalizer-3.4.9-cp313-cp313-manylinux_2_31_armv7l.whl", hash = "sha256:5b10cd92fc5c498b35a8635df6d5a100207f88b63a4dc1de7ef9a548e1e2cd63", size = 207901, upload-time = "2026-07-07T14:33:43.209Z" },
    { url = "https://files.pythonhosted.org/packages/3a/25/45f30093ae27dd7b92a793b61882a38685f993700113ca36e0c9c14965e1/charset_normalizer-3.4.9-cp313-cp313-manylinux_2_31_riscv64.manylinux_2_39_riscv64.whl", hash = "sha256:a4fbdde9dd4a9ce5fd52c2b3a347bb50cc89483ef783f1cb00d408c13f7a96c0", size = 219176, upload-time = "2026-07-07T14:33:44.725Z" },
    { url = "https://files.pythonhosted.org/packages/48/18/c8f397329c35e32f6a837e488986f4ae03bd2abebc453b48714991630c2f/charset_normalizer-3.4.9-cp313-cp313-musllinux_1_2_aarch64.whl", hash = "sha256:416c229f77e5ea25b3dfd4b582f8d73d7e43c22320302b9ab128a2d3a0b38efe", size = 217356, upload-time = "2026-07-07T14:33:46.192Z" },
    { url = "https://files.pythonhosted.org/packages/86/7e/5ce0bba863470fd1902d5e5843968951bddf38abe4742fc97116ef4598b3/charset_normalizer-3.4.9-cp313-cp313-musllinux_1_2_armv7l.whl", hash = "sha256:75286256590a6320cf106a0d28970d3560aad9ee09aa7b34fb40524792436d35", size = 209614, upload-time = "2026-07-07T14:33:47.705Z" },
    { url = "https://files.pythonhosted.org/packages/6c/ef/2473d3c4d869155be4af1191111d59c4d5c4e0173026f7e85b176e23bf65/charset_normalizer-3.4.9-cp313-cp313-musllinux_1_2_x86_64.whl", hash = "sha256:69b157c5d3292bcd443faca052f3096f637f1e074b98212a933c074ae23dc3b8", size = 224991, upload-time = "2026-07-07T14:33:49.238Z" },
    { url = "https://files.pythonhosted.org/packages/d0/a3/53ddae3db108a088156aa8ddfafd411ebbc1340f48c5573f697b27f69a39/charset_normalizer-3.4.9-cp313-cp313-win32.whl", hash = "sha256:51307f5c71007673a2bf8232ad973483d281e74cb99c8c5a990af1eefa6277d9", size = 150622, upload-time = "2026-07-07T14:33:50.711Z" },
    { url = "https://files.pythonhosted.org/packages/e8/ef/6953a77c7cf2c2ff9998e6f575ab3e380119f100223381565a4f94c1f836/charset_normalizer-3.4.9-cp313-cp313-win_amd64.whl", hash = "sha256:fe2c7201c642b7c308f1675355ad7ff